
Microsoft Visual Studio Solution File, Format Version 12.00
# Visual Studio Version 16
VisualStudioVersion = 16.0.29424.173
MinimumVisualStudioVersion = 10.0.40219.1
Project("{9A19103F-16F7-4668-BE54-9A1E7A4F7556}") = "MongoDbTest", "MongoDbTest.csproj", "{B2E2F396-9C6A-43C3-8EA4-31AF51420DAF}"
EndProject
Global
	GlobalSection(SolutionConfigurationPlatforms) = preSolution
		Debug|Any CPU = Debug|Any CPU
		Release|Any CPU = Release|Any CPU
	EndGlobalSection
	GlobalSection(ProjectConfigurationPlatforms) = postSolution
		{B2E2F396-9C6A-43C3-8EA4-31AF51420DAF}.Debug|Any CPU.ActiveCfg = Debug|Any CPU
		{B2E2F396-9C6A-43C3-8EA4-31AF51420DAF}.Debug|Any CPU.Build.0 = Debug|Any CPU
		{B2E2F396-9C6A-43C3-8EA4-31AF51420DAF}.Release|Any CPU.ActiveCfg = Release|Any CPU
		{B2E2F396-9C6A-43C3-8EA4-31AF51420DAF}.Release|Any CPU.Build.0 = Release|Any CPU
	EndGlobalSection
	GlobalSection(SolutionProperties) = preSolution
		HideSolutionNode = FALSE
	EndGlobalSection
	GlobalSection(ExtensibilityGlobals) = postSolution
		SolutionGuid = {63489217-D578-4665-BB57-3CA54622F2D7}
	EndGlobalSection
EndGlobal
